
Microsoft Visual Studio Solution File, Format Version 12.00
# Visual Studio Version 17
VisualStudioVersion = 17.14.36203.30
MinimumVisualStudioVersion = 10.0.40219.1
Project("{FAE04EC0-301F-11D3-BF4B-00C04F79EFBC}") = "Azure Learning Series", "Azure Learning Series\Azure Learning Series.csproj", "{5B2D2BFE-CC7C-4BF3-98DB-1CC4F1E3E339}"
EndProject
Project("{FAE04EC0-301F-11D3-BF4B-00C04F79EFBC}") = "MyAzureAPP", "MyAzureAPP\MyAzureAPP.csproj", "{BF9120CA-D8B2-49F0-9667-225E3F4732C8}"
EndProject
Project("{FAE04EC0-301F-11D3-BF4B-00C04F79EFBC}") = "TestWebApp", "TestWebApp\TestWebApp.csproj", "{D6D8155F-F190-4021-83B4-959350412789}"
EndProject
Global
	GlobalSection(SolutionConfigurationPlatforms) = preSolution
		Debug|Any CPU = Debug|Any CPU
		Release|Any CPU = Release|Any CPU
	EndGlobalSection
	GlobalSection(ProjectConfigurationPlatforms) = postSolution
		{5B2D2BFE-CC7C-4BF3-98DB-1CC4F1E3E339}.Debug|Any CPU.ActiveCfg = Debug|Any CPU
		{5B2D2BFE-CC7C-4BF3-98DB-1CC4F1E3E339}.Debug|Any CPU.Build.0 = Debug|Any CPU
		{5B2D2BFE-CC7C-4BF3-98DB-1CC4F1E3E339}.Release|Any CPU.ActiveCfg = Release|Any CPU
		{5B2D2BFE-CC7C-4BF3-98DB-1CC4F1E3E339}.Release|Any CPU.Build.0 = Release|Any CPU
		{BF9120CA-D8B2-49F0-9667-225E3F4732C8}.Debug|Any CPU.ActiveCfg = Debug|Any CPU
		{BF9120CA-D8B2-49F0-9667-225E3F4732C8}.Debug|Any CPU.Build.0 = Debug|Any CPU
		{BF9120CA-D8B2-49F0-9667-225E3F4732C8}.Release|Any CPU.ActiveCfg = Release|Any CPU
		{BF9120CA-D8B2-49F0-9667-225E3F4732C8}.Release|Any CPU.Build.0 = Release|Any CPU
		{D6D8155F-F190-4021-83B4-959350412789}.Debug|Any CPU.ActiveCfg = Debug|Any CPU
		{D6D8155F-F190-4021-83B4-959350412789}.Debug|Any CPU.Build.0 = Debug|Any CPU
		{D6D8155F-F190-4021-83B4-959350412789}.Release|Any CPU.ActiveCfg = Release|Any CPU
		{D6D8155F-F190-4021-83B4-959350412789}.Release|Any CPU.Build.0 = Release|Any CPU
	EndGlobalSection
	GlobalSection(SolutionProperties) = preSolution
		HideSolutionNode = FALSE
	EndGlobalSection
	GlobalSection(ExtensibilityGlobals) = postSolution
		SolutionGuid = {FCE2DD79-9197-47F6-9EA1-C93A76F1FDCC}
	EndGlobalSection
EndGlobal
